
Microsoft Visual Studio Solution File, Format Version 12.00
Project("{FAE04EC0-301F-11D3-BF4B-00C04F79EFBC}") = "HumanReadableDurationFormat_4kyu", "HumanReadableDurationFormat_4kyu\HumanReadableDurationFormat_4kyu.csproj", "{4CE79F48-A3AE-466E-A1B6-DD67B4916FA8}"
EndProject
Project("{FAE04EC0-301F-11D3-BF4B-00C04F79EFBC}") = "NotVerySecure_5kyu", "NotVerySecure_5kyu\NotVerySecure_5kyu.csproj", "{A079A786-DD14-42B6-A2FF-E5A011FEA109}"
EndProject
Project("{FAE04EC0-301F-11D3-BF4B-00C04F79EFBC}") = "CanYouGetTheLoop_5kyu", "CanYouGetTheLoop_5kyu\CanYouGetTheLoop_5kyu.csproj", "{0F87982C-B4CB-4768-B2E4-162F543F48EE}"
EndProject
Project("{F2A71F9B-5D33-465A-A702-920D77279786}") = "DescendingOrder_7kyu", "DescendingOrder_7kyu\DescendingOrder_7kyu.fsproj", "{C009A1D6-A047-47CA-BC63-ACBD60187028}"
EndProject
Global
	GlobalSection(SolutionConfigurationPlatforms) = preSolution
		Debug|Any CPU = Debug|Any CPU
		Release|Any CPU = Release|Any CPU
	EndGlobalSection
	GlobalSection(ProjectConfigurationPlatforms) = postSolution
		{4CE79F48-A3AE-466E-A1B6-DD67B4916FA8}.Debug|Any CPU.ActiveCfg = Debug|Any CPU
		{4CE79F48-A3AE-466E-A1B6-DD67B4916FA8}.Debug|Any CPU.Build.0 = Debug|Any CPU
		{4CE79F48-A3AE-466E-A1B6-DD67B4916FA8}.Release|Any CPU.ActiveCfg = Release|Any CPU
		{4CE79F48-A3AE-466E-A1B6-DD67B4916FA8}.Release|Any CPU.Build.0 = Release|Any CPU
		{A079A786-DD14-42B6-A2FF-E5A011FEA109}.Debug|Any CPU.ActiveCfg = Debug|Any CPU
		{A079A786-DD14-42B6-A2FF-E5A011FEA109}.Debug|Any CPU.Build.0 = Debug|Any CPU
		{A079A786-DD14-42B6-A2FF-E5A011FEA109}.Release|Any CPU.ActiveCfg = Release|Any CPU
		{A079A786-DD14-42B6-A2FF-E5A011FEA109}.Release|Any CPU.Build.0 = Release|Any CPU
		{0F87982C-B4CB-4768-B2E4-162F543F48EE}.Debug|Any CPU.ActiveCfg = Debug|Any CPU
		{0F87982C-B4CB-4768-B2E4-162F543F48EE}.Debug|Any CPU.Build.0 = Debug|Any CPU
		{0F87982C-B4CB-4768-B2E4-162F543F48EE}.Release|Any CPU.ActiveCfg = Release|Any CPU
		{0F87982C-B4CB-4768-B2E4-162F543F48EE}.Release|Any CPU.Build.0 = Release|Any CPU
		{C009A1D6-A047-47CA-BC63-ACBD60187028}.Debug|Any CPU.ActiveCfg = Debug|Any CPU
		{C009A1D6-A047-47CA-BC63-ACBD60187028}.Debug|Any CPU.Build.0 = Debug|Any CPU
		{C009A1D6-A047-47CA-BC63-ACBD60187028}.Release|Any CPU.ActiveCfg = Release|Any CPU
		{C009A1D6-A047-47CA-BC63-ACBD60187028}.Release|Any CPU.Build.0 = Release|Any CPU
	EndGlobalSection
EndGlobal
